
Microsoft Visual Studio Solution File, Format Version 12.00
# Visual Studio Version 17
VisualStudioVersion = 17.14.36408.4 d17.14
MinimumVisualStudioVersion = 10.0.40219.1
Project("{FAE04EC0-301F-11D3-BF4B-00C04F79EFBC}") = "MeleFuegosApi", "MeleFuegosApi\MeleFuegosApi.csproj", "{62102188-F71F-4393-B494-74E7D7661CCE}"
EndProject
Global
	GlobalSection(SolutionConfigurationPlatforms) = preSolution
		Debug|Any CPU = Debug|Any CPU
		Release|Any CPU = Release|Any CPU
	EndGlobalSection
	GlobalSection(ProjectConfigurationPlatforms) = postSolution
		{62102188-F71F-4393-B494-74E7D7661CCE}.Debug|Any CPU.ActiveCfg = Debug|Any CPU
		{62102188-F71F-4393-B494-74E7D7661CCE}.Debug|Any CPU.Build.0 = Debug|Any CPU
		{62102188-F71F-4393-B494-74E7D7661CCE}.Release|Any CPU.ActiveCfg = Release|Any CPU
		{62102188-F71F-4393-B494-74E7D7661CCE}.Release|Any CPU.Build.0 = Release|Any CPU
	EndGlobalSection
	GlobalSection(SolutionProperties) = preSolution
		HideSolutionNode = FALSE
	EndGlobalSection
	GlobalSection(ExtensibilityGlobals) = postSolution
		SolutionGuid = {6AFFAF84-4915-4765-B759-77445B3E91E6}
	EndGlobalSection
EndGlobal
